
Microsoft Visual Studio Solution File, Format Version 12.00
# Visual Studio Version 17
VisualStudioVersion = 17.8.34330.188
MinimumVisualStudioVersion = 10.0.40219.1
Project("{9A19103F-16F7-4668-BE54-9A1E7A4F7556}") = "GAUSS", "GAUSS\GAUSS.csproj", "{26558F0B-6CE0-4A05-B740-775EFD21BF7A}"
	ProjectSection(ProjectDependencies) = postProject
		{96DF8515-4AB5-4213-ACC0-3CFBEA8FDEE1} = {96DF8515-4AB5-4213-ACC0-3CFBEA8FDEE1}
	EndProjectSection
EndProject
Project("{8BC9CEB8-8B4A-11D0-8D11-00A0C91BC942}") = "ScreenRecorder", "ScreenRecorder\ScreenRecorder.vcxproj", "{96DF8515-4AB5-4213-ACC0-3CFBEA8FDEE1}"
EndProject
Project("{888888A0-9F3D-457C-B088-3A5042F75D52}") = "LaunchDetectorScript", "LaunchDetectorScript\LaunchDetectorScript.pyproj", "{5F5B763C-E633-4089-AF35-CA3FC5B23C43}"
EndProject
Global
	GlobalSection(SolutionConfigurationPlatforms) = preSolution
		Debug|Any CPU = Debug|Any CPU
		Debug|ARM64 = Debug|ARM64
		Debug|x64 = Debug|x64
		Release|Any CPU = Release|Any CPU
		Release|ARM64 = Release|ARM64
		Release|x64 = Release|x64
	EndGlobalSection
	GlobalSection(ProjectConfigurationPlatforms) = postSolution
		{26558F0B-6CE0-4A05-B740-775EFD21BF7A}.Debug|Any CPU.ActiveCfg = Debug|Any CPU
		{26558F0B-6CE0-4A05-B740-775EFD21BF7A}.Debug|Any CPU.Build.0 = Debug|Any CPU
		{26558F0B-6CE0-4A05-B740-775EFD21BF7A}.Debug|ARM64.ActiveCfg = Debug|ARM64
		{26558F0B-6CE0-4A05-B740-775EFD21BF7A}.Debug|ARM64.Build.0 = Debug|ARM64
		{26558F0B-6CE0-4A05-B740-775EFD21BF7A}.Debug|x64.ActiveCfg = Debug|x64
		{26558F0B-6CE0-4A05-B740-775EFD21BF7A}.Debug|x64.Build.0 = Debug|x64
		{26558F0B-6CE0-4A05-B740-775EFD21BF7A}.Release|Any CPU.ActiveCfg = Release|Any CPU
		{26558F0B-6CE0-4A05-B740-775EFD21BF7A}.Release|Any CPU.Build.0 = Release|Any CPU
		{26558F0B-6CE0-4A05-B740-775EFD21BF7A}.Release|ARM64.ActiveCfg = Release|ARM64
		{26558F0B-6CE0-4A05-B740-775EFD21BF7A}.Release|ARM64.Build.0 = Release|ARM64
		{26558F0B-6CE0-4A05-B740-775EFD21BF7A}.Release|x64.ActiveCfg = Release|x64
		{26558F0B-6CE0-4A05-B740-775EFD21BF7A}.Release|x64.Build.0 = Release|x64
		{96DF8515-4AB5-4213-ACC0-3CFBEA8FDEE1}.Debug|Any CPU.ActiveCfg = Debug|x64
		{96DF8515-4AB5-4213-ACC0-3CFBEA8FDEE1}.Debug|Any CPU.Build.0 = Debug|x64
		{96DF8515-4AB5-4213-ACC0-3CFBEA8FDEE1}.Debug|ARM64.ActiveCfg = Debug|ARM64
		{96DF8515-4AB5-4213-ACC0-3CFBEA8FDEE1}.Debug|ARM64.Build.0 = Debug|ARM64
		{96DF8515-4AB5-4213-ACC0-3CFBEA8FDEE1}.Debug|x64.ActiveCfg = Debug|x64
		{96DF8515-4AB5-4213-ACC0-3CFBEA8FDEE1}.Debug|x64.Build.0 = Debug|x64
		{96DF8515-4AB5-4213-ACC0-3CFBEA8FDEE1}.Release|Any CPU.ActiveCfg = Release|x64
		{96DF8515-4AB5-4213-ACC0-3CFBEA8FDEE1}.Release|Any CPU.Build.0 = Release|x64
		{96DF8515-4AB5-4213-ACC0-3CFBEA8FDEE1}.Release|ARM64.ActiveCfg = Release|ARM64
		{96DF8515-4AB5-4213-ACC0-3CFBEA8FDEE1}.Release|ARM64.Build.0 = Release|ARM64
		{96DF8515-4AB5-4213-ACC0-3CFBEA8FDEE1}.Release|x64.ActiveCfg = Release|x64
		{96DF8515-4AB5-4213-ACC0-3CFBEA8FDEE1}.Release|x64.Build.0 = Release|x64
		{5F5B763C-E633-4089-AF35-CA3FC5B23C43}.Debug|Any CPU.ActiveCfg = Debug|Any CPU
		{5F5B763C-E633-4089-AF35-CA3FC5B23C43}.Debug|ARM64.ActiveCfg = Debug|Any CPU
		{5F5B763C-E633-4089-AF35-CA3FC5B23C43}.Debug|x64.ActiveCfg = Debug|Any CPU
		{5F5B763C-E633-4089-AF35-CA3FC5B23C43}.Release|Any CPU.ActiveCfg = Release|Any CPU
		{5F5B763C-E633-4089-AF35-CA3FC5B23C43}.Release|ARM64.ActiveCfg = Release|Any CPU
		{5F5B763C-E633-4089-AF35-CA3FC5B23C43}.Release|x64.ActiveCfg = Release|Any CPU
	EndGlobalSection
	GlobalSection(SolutionProperties) = preSolution
		HideSolutionNode = FALSE
	EndGlobalSection
	GlobalSection(ExtensibilityGlobals) = postSolution
		SolutionGuid = {60BC4B44-7896-4470-A734-AE05D53AA5AA}
	EndGlobalSection
EndGlobal
